packages:
  - git: https://gitlab.com/datavloot/optimist-toolkit.git
    name: optimist
    revision: c0907c3da424d4701aa7aeecc3400c46fe934f0c
    subdirectory: dbt/optimist
  - name: dbt_utils
    package: dbt-labs/dbt_utils
    version: 1.4.0
  - name: elementary
    package: elementary-data/elementary
    version: 0.25.0
sha1_hash: fd50a9cdcaf30e4762c697fced58ff1c1ee8e99e
