packages:
  - git: https://gitlab.com/datavloot/optimist-toolkit.git
    name: optimist
    revision: dfe31feac4f051df8f760227e213cdd1f418b5c8
    subdirectory: dbt/optimist
  - name: dbt_utils
    package: dbt-labs/dbt_utils
    version: 1.3.3
  - name: elementary
    package: elementary-data/elementary
    version: 0.24.0
sha1_hash: fd50a9cdcaf30e4762c697fced58ff1c1ee8e99e
